
Microsoft Visual Studio Solution File, Format Version 12.00
# Visual Studio Version 16
VisualStudioVersion = 16.0.31229.75
MinimumVisualStudioVersion = 10.0.40219.1
Project("{8BC9CEB8-8B4A-11D0-8D11-00A0C91BC942}") = "0714kadai", "0714kadai\0714kadai.vcxproj", "{E526263C-B305-4E51-A9BA-0DF58A0DE940}"
EndProject
Global
	GlobalSection(SolutionConfigurationPlatforms) = preSolution
		Debug|x64 = Debug|x64
		Debug|x86 = Debug|x86
		Release|x64 = Release|x64
		Release|x86 = Release|x86
	EndGlobalSection
	GlobalSection(ProjectConfigurationPlatforms) = postSolution
		{E526263C-B305-4E51-A9BA-0DF58A0DE940}.Debug|x64.ActiveCfg = Debug|x64
		{E526263C-B305-4E51-A9BA-0DF58A0DE940}.Debug|x64.Build.0 = Debug|x64
		{E526263C-B305-4E51-A9BA-0DF58A0DE940}.Debug|x86.ActiveCfg = Debug|Win32
		{E526263C-B305-4E51-A9BA-0DF58A0DE940}.Debug|x86.Build.0 = Debug|Win32
		{E526263C-B305-4E51-A9BA-0DF58A0DE940}.Release|x64.ActiveCfg = Release|x64
		{E526263C-B305-4E51-A9BA-0DF58A0DE940}.Release|x64.Build.0 = Release|x64
		{E526263C-B305-4E51-A9BA-0DF58A0DE940}.Release|x86.ActiveCfg = Release|Win32
		{E526263C-B305-4E51-A9BA-0DF58A0DE940}.Release|x86.Build.0 = Release|Win32
	EndGlobalSection
	GlobalSection(SolutionProperties) = preSolution
		HideSolutionNode = FALSE
	EndGlobalSection
	GlobalSection(ExtensibilityGlobals) = postSolution
		SolutionGuid = {4550995B-4F37-4898-A768-65C313E56746}
	EndGlobalSection
EndGlobal
